
Microsoft Visual Studio Solution File, Format Version 12.00
# Visual Studio 15
VisualStudioVersion = 15.0.27004.2005
MinimumVisualStudioVersion = 10.0.40219.1
Project("{9A19103F-16F7-4668-BE54-9A1E7A4F7556}") = "ProtocolFramework", "ProtocolFramework.csproj", "{D27F4276-2E95-4115-9703-15E9B7F3EF65}"
EndProject
Global
	GlobalSection(SolutionConfigurationPlatforms) = preSolution
		Debug|Any CPU = Debug|Any CPU
		Release|Any CPU = Release|Any CPU
	EndGlobalSection
	GlobalSection(ProjectConfigurationPlatforms) = postSolution
		{D27F4276-2E95-4115-9703-15E9B7F3EF65}.Debug|Any CPU.ActiveCfg = Debug|Any CPU
		{D27F4276-2E95-4115-9703-15E9B7F3EF65}.Debug|Any CPU.Build.0 = Debug|Any CPU
		{D27F4276-2E95-4115-9703-15E9B7F3EF65}.Release|Any CPU.ActiveCfg = Release|Any CPU
		{D27F4276-2E95-4115-9703-15E9B7F3EF65}.Release|Any CPU.Build.0 = Release|Any CPU
	EndGlobalSection
	GlobalSection(SolutionProperties) = preSolution
		HideSolutionNode = FALSE
	EndGlobalSection
	GlobalSection(ExtensibilityGlobals) = postSolution
		SolutionGuid = {CA2B3DAF-7354-4BB2-A993-61F21B179AD4}
	EndGlobalSection
EndGlobal
